github.com/akhenakh/sgp4 v0.0.0-20250910232432-ca28846088fc h1:MuvZBPt391TvmQGeyKbaFM8y13OqW+Lp1bGhx/izMbg=
github.com/akhenakh/sgp4 v0.0.0-20250910232432-ca28846088fc/go.mod h1:JfAepWD223Cel6uRpzYdip/xijWZ2FT457YFLWy8Md4=
github.com/gorilla/websocket v1.5.3 h1:saDtZ6Pbx/0u+bgYQ3q96pZgCzfhKXGPqt7kZ72aNNg=
github.com/gorilla/websocket v1.5.3/go.mod h1:YR8l580nyteQvAITg2hZ9XVh4b55+EU/adAjf1fMHhE=
